
Microsoft Visual Studio Solution File, Format Version 11.00
# Visual Studio 2010
Project("{FAE04EC0-301F-11D3-BF4B-00C04F79EFBC}") = "CreateSendCertificateAddin", "ExcelAddIn1\CreateSendCertificateAddin.csproj", "{5093A85B-0E48-49FA-BC46-50826228133B}"
EndProject
Project("{FAE04EC0-301F-11D3-BF4B-00C04F79EFBC}") = "CreateSendCertAddin2007", "CreateSendCertAddin2007\CreateSendCertAddin2007.csproj", "{68479C73-046E-4D38-B954-910C15FB91F0}"
EndProject
Global
	GlobalSection(SolutionConfigurationPlatforms) = preSolution
		Debug|Any CPU = Debug|Any CPU
		Release|Any CPU = Release|Any CPU
	EndGlobalSection
	GlobalSection(ProjectConfigurationPlatforms) = postSolution
		{5093A85B-0E48-49FA-BC46-50826228133B}.Debug|Any CPU.ActiveCfg = Debug|Any CPU
		{5093A85B-0E48-49FA-BC46-50826228133B}.Debug|Any CPU.Build.0 = Debug|Any CPU
		{5093A85B-0E48-49FA-BC46-50826228133B}.Release|Any CPU.ActiveCfg = Release|Any CPU
		{5093A85B-0E48-49FA-BC46-50826228133B}.Release|Any CPU.Build.0 = Release|Any CPU
		{68479C73-046E-4D38-B954-910C15FB91F0}.Debug|Any CPU.ActiveCfg = Debug|Any CPU
		{68479C73-046E-4D38-B954-910C15FB91F0}.Debug|Any CPU.Build.0 = Debug|Any CPU
		{68479C73-046E-4D38-B954-910C15FB91F0}.Release|Any CPU.ActiveCfg = Release|Any CPU
		{68479C73-046E-4D38-B954-910C15FB91F0}.Release|Any CPU.Build.0 = Release|Any CPU
	EndGlobalSection
	GlobalSection(SolutionProperties) = preSolution
		HideSolutionNode = FALSE
	EndGlobalSection
EndGlobal
